
Microsoft Visual Studio Solution File, Format Version 12.00
# Visual Studio Version 17
VisualStudioVersion = 17.5.33103.201
MinimumVisualStudioVersion = 10.0.40219.1
Project("{9A19103F-16F7-4668-BE54-9A1E7A4F7556}") = "KeyGen", "KeyGen\KeyGen.csproj", "{4705DCC6-B302-406F-82CB-6AA96B7B4D5C}"
EndProject
Project("{9A19103F-16F7-4668-BE54-9A1E7A4F7556}") = "AvaloniaKeyGen", "AvaloniaKeyGen\AvaloniaKeyGen.csproj", "{EA3EDEDC-C6F3-493A-9869-0C35D0596FE1}"
EndProject
Global
	GlobalSection(SolutionConfigurationPlatforms) = preSolution
		Debug|Any CPU = Debug|Any CPU
		Release|Any CPU = Release|Any CPU
	EndGlobalSection
	GlobalSection(ProjectConfigurationPlatforms) = postSolution
		{4705DCC6-B302-406F-82CB-6AA96B7B4D5C}.Debug|Any CPU.ActiveCfg = Debug|Any CPU
		{4705DCC6-B302-406F-82CB-6AA96B7B4D5C}.Debug|Any CPU.Build.0 = Debug|Any CPU
		{4705DCC6-B302-406F-82CB-6AA96B7B4D5C}.Release|Any CPU.ActiveCfg = Release|Any CPU
		{4705DCC6-B302-406F-82CB-6AA96B7B4D5C}.Release|Any CPU.Build.0 = Release|Any CPU
		{EA3EDEDC-C6F3-493A-9869-0C35D0596FE1}.Debug|Any CPU.ActiveCfg = Debug|Any CPU
		{EA3EDEDC-C6F3-493A-9869-0C35D0596FE1}.Debug|Any CPU.Build.0 = Debug|Any CPU
		{EA3EDEDC-C6F3-493A-9869-0C35D0596FE1}.Release|Any CPU.ActiveCfg = Release|Any CPU
		{EA3EDEDC-C6F3-493A-9869-0C35D0596FE1}.Release|Any CPU.Build.0 = Release|Any CPU
	EndGlobalSection
	GlobalSection(SolutionProperties) = preSolution
		HideSolutionNode = FALSE
	EndGlobalSection
	GlobalSection(ExtensibilityGlobals) = postSolution
		SolutionGuid = {89675BF0-D882-440A-9687-6EE761478F91}
	EndGlobalSection
EndGlobal
